{
  "name": "Zunf-Medicare-Website",
  "lockfileVersion": 3,
  "requires": true,
  "packages": {
    "": {
      "dependencies": {
        "prerender-node": "^3.8.3"
      }
    },
    "node_modules/prerender-node": {
      "version": "3.8.3",
      "resolved": "https://registry.npmjs.org/prerender-node/-/prerender-node-3.8.3.tgz",
      "integrity": "sha512-F33XduOW4PtCyzhxslXkjyk56ENfQ3GoPi9mrEoIG7vERDDqSP4r8gy3KljjAXibcNxMnDIO7qOjDMNUL0ai+Q==",
      "license": "MIT"
    }
  }
}
